Microsoft Visual Studio Solution File, Format Version 12.00
# Visual Studio 14
VisualStudioVersion = 14.0.24720.0
MinimumVisualStudioVersion = 10.0.40219.1
Project("{8BC9CEB8-8B4A-11D0-8D11-00A0C91BC942}") = "GlobalCbtHook", "GlobalCbtHook\GlobalCbtHook.vcxproj", "{A558485A-58F7-4748-A0BE-EE1BB01732F5}"
EndProject
Project("{FAE04EC0-301F-11D3-BF4B-00C04F79EFBC}") = "GlobalHooksTest", "GlobalHooksTest\GlobalHooksTest.csproj", "{DD7A6D91-1614-4B43-B61B-4BF28C476415}"
	ProjectSection(ProjectDependencies) = postProject
		{A558485A-58F7-4748-A0BE-EE1BB01732F5} = {A558485A-58F7-4748-A0BE-EE1BB01732F5}
	EndProjectSection
EndProject
Project("{FAE04EC0-301F-11D3-BF4B-00C04F79EFBC}") = "TransparencyMenu", "TransparencyMenu\TransparencyMenu.csproj", "{7B422764-FFA5-4CF8-AAA4-9C63C7FD9454}"
	ProjectSection(ProjectDependencies) = postProject
		{A558485A-58F7-4748-A0BE-EE1BB01732F5} = {A558485A-58F7-4748-A0BE-EE1BB01732F5}
	EndProjectSection
EndProject
Global
	GlobalSection(SolutionConfigurationPlatforms) = preSolution
		Debug|x64 = Debug|x64
		Debug|x86 = Debug|x86
		Documentation|x64 = Documentation|x64
		Documentation|x86 = Documentation|x86
		Release|x64 = Release|x64
		Release|x86 = Release|x86
	EndGlobalSection
	GlobalSection(ProjectConfigurationPlatforms) = postSolution
		{A558485A-58F7-4748-A0BE-EE1BB01732F5}.Debug|x64.ActiveCfg = Debug|x64
		{A558485A-58F7-4748-A0BE-EE1BB01732F5}.Debug|x64.Build.0 = Debug|x64
		{A558485A-58F7-4748-A0BE-EE1BB01732F5}.Debug|x64.Deploy.0 = Debug|x64
		{A558485A-58F7-4748-A0BE-EE1BB01732F5}.Debug|x86.ActiveCfg = Debug|x86
		{A558485A-58F7-4748-A0BE-EE1BB01732F5}.Debug|x86.Build.0 = Debug|x86
		{A558485A-58F7-4748-A0BE-EE1BB01732F5}.Documentation|x64.ActiveCfg = Documentation|x64
		{A558485A-58F7-4748-A0BE-EE1BB01732F5}.Documentation|x64.Build.0 = Documentation|x64
		{A558485A-58F7-4748-A0BE-EE1BB01732F5}.Documentation|x64.Deploy.0 = Documentation|x64
		{A558485A-58F7-4748-A0BE-EE1BB01732F5}.Documentation|x86.ActiveCfg = Documentation|x86
		{A558485A-58F7-4748-A0BE-EE1BB01732F5}.Documentation|x86.Build.0 = Documentation|x86
		{A558485A-58F7-4748-A0BE-EE1BB01732F5}.Release|x64.ActiveCfg = Release|x64
		{A558485A-58F7-4748-A0BE-EE1BB01732F5}.Release|x64.Build.0 = Release|x64
		{A558485A-58F7-4748-A0BE-EE1BB01732F5}.Release|x64.Deploy.0 = Release|x64
		{A558485A-58F7-4748-A0BE-EE1BB01732F5}.Release|x86.ActiveCfg = Release|x86
		{A558485A-58F7-4748-A0BE-EE1BB01732F5}.Release|x86.Build.0 = Release|x86
		{DD7A6D91-1614-4B43-B61B-4BF28C476415}.Debug|x64.ActiveCfg = Debug|x64
		{DD7A6D91-1614-4B43-B61B-4BF28C476415}.Debug|x64.Build.0 = Debug|x64
		{DD7A6D91-1614-4B43-B61B-4BF28C476415}.Debug|x64.Deploy.0 = Debug|x64
		{DD7A6D91-1614-4B43-B61B-4BF28C476415}.Debug|x86.ActiveCfg = Debug|x86
		{DD7A6D91-1614-4B43-B61B-4BF28C476415}.Debug|x86.Build.0 = Debug|x86
		{DD7A6D91-1614-4B43-B61B-4BF28C476415}.Documentation|x64.ActiveCfg = Release|x64
		{DD7A6D91-1614-4B43-B61B-4BF28C476415}.Documentation|x64.Deploy.0 = Release|x64
		{DD7A6D91-1614-4B43-B61B-4BF28C476415}.Documentation|x86.ActiveCfg = Release|x86
		{DD7A6D91-1614-4B43-B61B-4BF28C476415}.Release|x64.ActiveCfg = Release|x64
		{DD7A6D91-1614-4B43-B61B-4BF28C476415}.Release|x64.Build.0 = Release|x64
		{DD7A6D91-1614-4B43-B61B-4BF28C476415}.Release|x64.Deploy.0 = Release|x64
		{DD7A6D91-1614-4B43-B61B-4BF28C476415}.Release|x86.ActiveCfg = Release|x86
		{DD7A6D91-1614-4B43-B61B-4BF28C476415}.Release|x86.Build.0 = Release|x86
		{7B422764-FFA5-4CF8-AAA4-9C63C7FD9454}.Debug|x64.ActiveCfg = Debug|x64
		{7B422764-FFA5-4CF8-AAA4-9C63C7FD9454}.Debug|x64.Build.0 = Debug|x64
		{7B422764-FFA5-4CF8-AAA4-9C63C7FD9454}.Debug|x64.Deploy.0 = Debug|x64
		{7B422764-FFA5-4CF8-AAA4-9C63C7FD9454}.Debug|x86.ActiveCfg = Debug|x86
		{7B422764-FFA5-4CF8-AAA4-9C63C7FD9454}.Debug|x86.Build.0 = Debug|x86
		{7B422764-FFA5-4CF8-AAA4-9C63C7FD9454}.Documentation|x64.ActiveCfg = Release|x64
		{7B422764-FFA5-4CF8-AAA4-9C63C7FD9454}.Documentation|x64.Deploy.0 = Release|x64
		{7B422764-FFA5-4CF8-AAA4-9C63C7FD9454}.Documentation|x86.ActiveCfg = Release|x86
		{7B422764-FFA5-4CF8-AAA4-9C63C7FD9454}.Release|x64.ActiveCfg = Release|x64
		{7B422764-FFA5-4CF8-AAA4-9C63C7FD9454}.Release|x64.Build.0 = Release|x64
		{7B422764-FFA5-4CF8-AAA4-9C63C7FD9454}.Release|x64.Deploy.0 = Release|x64
		{7B422764-FFA5-4CF8-AAA4-9C63C7FD9454}.Release|x86.ActiveCfg = Release|x86
		{7B422764-FFA5-4CF8-AAA4-9C63C7FD9454}.Release|x86.Build.0 = Release|x86
	EndGlobalSection
	GlobalSection(SolutionProperties) = preSolution
		HideSolutionNode = FALSE
	EndGlobalSection
EndGlobal
